
Microsoft Visual Studio Solution File, Format Version 12.00
# Visual Studio Version 17
VisualStudioVersion = 17.9.34616.47
MinimumVisualStudioVersion = 10.0.40219.1
Project("{FAE04EC0-301F-11D3-BF4B-00C04F79EFBC}") = "Restaurant Selector (chap 4 ass 10ec)", "Restaurant Selector (chap 4 ass 10ec).csproj", "{5CF94E89-D166-4595-B1E2-F921A69FC2CD}"
EndProject
Global
	GlobalSection(SolutionConfigurationPlatforms) = preSolution
		Debug|Any CPU = Debug|Any CPU
		Release|Any CPU = Release|Any CPU
	EndGlobalSection
	GlobalSection(ProjectConfigurationPlatforms) = postSolution
		{5CF94E89-D166-4595-B1E2-F921A69FC2CD}.Debug|Any CPU.ActiveCfg = Debug|Any CPU
		{5CF94E89-D166-4595-B1E2-F921A69FC2CD}.Debug|Any CPU.Build.0 = Debug|Any CPU
		{5CF94E89-D166-4595-B1E2-F921A69FC2CD}.Release|Any CPU.ActiveCfg = Release|Any CPU
		{5CF94E89-D166-4595-B1E2-F921A69FC2CD}.Release|Any CPU.Build.0 = Release|Any CPU
	EndGlobalSection
	GlobalSection(SolutionProperties) = preSolution
		HideSolutionNode = FALSE
	EndGlobalSection
	GlobalSection(ExtensibilityGlobals) = postSolution
		SolutionGuid = {D1E1985C-6F0D-43A7-B93C-2F4E00F220E6}
	EndGlobalSection
EndGlobal
